// !$*UTF8*$!
{
	archiveVersion = 1;
	classes = {
	};
	objectVersion = 55;
	objects = {

/* Begin PBXBuildFile section */
		51537039275AD7B3008B1161 /* CategoriesDB+CoreDataClass.swift in Sources */ = {isa = PBXBuildFile; fileRef = 51537035275AD7B3008B1161 /* CategoriesDB+CoreDataClass.swift */; };
		5153703A275AD7B3008B1161 /* CategoriesDB+CoreDataProperties.swift in Sources */ = {isa = PBXBuildFile; fileRef = 51537036275AD7B3008B1161 /* CategoriesDB+CoreDataProperties.swift */; };
		5153703B275AD7B3008B1161 /* IncomeDB+CoreDataClass.swift in Sources */ = {isa = PBXBuildFile; fileRef = 51537037275AD7B3008B1161 /* IncomeDB+CoreDataClass.swift */; };
		5153703C275AD7B3008B1161 /* IncomeDB+CoreDataProperties.swift in Sources */ = {isa = PBXBuildFile; fileRef = 51537038275AD7B3008B1161 /* IncomeDB+CoreDataProperties.swift */; };
		5153703E275AE0C7008B1161 /* ColorExtension.swift in Sources */ = {isa = PBXBuildFile; fileRef = 5153703D275AE0C7008B1161 /* ColorExtension.swift */; };
		51537040275B2A68008B1161 /* ProgressBar.swift in Sources */ = {isa = PBXBuildFile; fileRef = 5153703F275B2A68008B1161 /* ProgressBar.swift */; };
		51F8A932275916810009F244 /* LeafinApp.swift in Sources */ = {isa = PBXBuildFile; fileRef = 51F8A931275916810009F244 /* LeafinApp.swift */; };
		51F8A934275916810009F244 /* ContentView.swift in Sources */ = {isa = PBXBuildFile; fileRef = 51F8A933275916810009F244 /* ContentView.swift */; };
		51F8A936275916820009F244 /* Assets.xcassets in Resources */ = {isa = PBXBuildFile; fileRef = 51F8A935275916820009F244 /* Assets.xcassets */; };
		51F8A939275916820009F244 /* Preview Assets.xcassets in Resources */ = {isa = PBXBuildFile; fileRef = 51F8A938275916820009F244 /* Preview Assets.xcassets */; };
		51F8A941275916BB0009F244 /* Leafin.xcdatamodeld in Sources */ = {isa = PBXBuildFile; fileRef = 51F8A93F275916BB0009F244 /* Leafin.xcdatamodeld */; };
		51F8A943275917A70009F244 /* PersistanceController.swift in Sources */ = {isa = PBXBuildFile; fileRef = 51F8A942275917A70009F244 /* PersistanceController.swift */; };
		51F8A94627591C290009F244 /* DashboardView.swift in Sources */ = {isa = PBXBuildFile; fileRef = 51F8A94527591C290009F244 /* DashboardView.swift */; };
		51F8A94A27591C5A0009F244 /* BudgetView.swift in Sources */ = {isa = PBXBuildFile; fileRef = 51F8A94927591C5A0009F244 /* BudgetView.swift */; };
		51F8A94C27591C670009F244 /* HistoryView.swift in Sources */ = {isa = PBXBuildFile; fileRef = 51F8A94B27591C670009F244 /* HistoryView.swift */; };
		51F8A94F27591D300009F244 /* Utils.swift in Sources */ = {isa = PBXBuildFile; fileRef = 51F8A94E27591D300009F244 /* Utils.swift */; };
		51F8A95127591E780009F244 /* Sort.swift in Sources */ = {isa = PBXBuildFile; fileRef = 51F8A95027591E780009F244 /* Sort.swift */; };
/* End PBXBuildFile section */

/* Begin PBXFileReference section */
		51537035275AD7B3008B1161 /* CategoriesDB+CoreDataClass.swift */ = {isa = PBXFileReference; lastKnownFileType = sourcecode.swift; path = "CategoriesDB+CoreDataClass.swift"; sourceTree = "<group>"; };
		51537036275AD7B3008B1161 /* CategoriesDB+CoreDataProperties.swift */ = {isa = PBXFileReference; lastKnownFileType = sourcecode.swift; path = "CategoriesDB+CoreDataProperties.swift"; sourceTree = "<group>"; };
		51537037275AD7B3008B1161 /* IncomeDB+CoreDataClass.swift */ = {isa = PBXFileReference; lastKnownFileType = sourcecode.swift; path = "IncomeDB+CoreDataClass.swift"; sourceTree = "<group>"; };
		51537038275AD7B3008B1161 /* IncomeDB+CoreDataProperties.swift */ = {isa = PBXFileReference; lastKnownFileType = sourcecode.swift; path = "IncomeDB+CoreDataProperties.swift"; sourceTree = "<group>"; };
		5153703D275AE0C7008B1161 /* ColorExtension.swift */ = {isa = PBXFileReference; lastKnownFileType = sourcecode.swift; path = ColorExtension.swift; sourceTree = "<group>"; };
		5153703F275B2A68008B1161 /* ProgressBar.swift */ = {isa = PBXFileReference; lastKnownFileType = sourcecode.swift; path = ProgressBar.swift; sourceTree = "<group>"; };
		51F8A92E275916810009F244 /* Leafin.app */ = {isa = PBXFileReference; explicitFileType = wrapper.application; includeInIndex = 0; path = Leafin.app; sourceTree = BUILT_PRODUCTS_DIR; };
		51F8A931275916810009F244 /* LeafinApp.swift */ = {isa = PBXFileReference; lastKnownFileType = sourcecode.swift; path = LeafinApp.swift; sourceTree = "<group>"; };
		51F8A933275916810009F244 /* ContentView.swift */ = {isa = PBXFileReference; lastKnownFileType = sourcecode.swift; path = ContentView.swift; sourceTree = "<group>"; };
		51F8A935275916820009F244 /* Assets.xcassets */ = {isa = PBXFileReference; lastKnownFileType = folder.assetcatalog; path = Assets.xcassets; sourceTree = "<group>"; };
		51F8A938275916820009F244 /* Preview Assets.xcassets */ = {isa = PBXFileReference; lastKnownFileType = folder.assetcatalog; path = "Preview Assets.xcassets"; sourceTree = "<group>"; };
		51F8A940275916BB0009F244 /* Leafin.xcdatamodel */ = {isa = PBXFileReference; lastKnownFileType = wrapper.xcdatamodel; path = Leafin.xcdatamodel; sourceTree = "<group>"; };
		51F8A942275917A70009F244 /* PersistanceController.swift */ = {isa = PBXFileReference; lastKnownFileType = sourcecode.swift; path = PersistanceController.swift; sourceTree = "<group>"; };
		51F8A94527591C290009F244 /* DashboardView.swift */ = {isa = PBXFileReference; lastKnownFileType = sourcecode.swift; path = DashboardView.swift; sourceTree = "<group>"; };
		51F8A94927591C5A0009F244 /* BudgetView.swift */ = {isa = PBXFileReference; lastKnownFileType = sourcecode.swift; path = BudgetView.swift; sourceTree = "<group>"; };
		51F8A94B27591C670009F244 /* HistoryView.swift */ = {isa = PBXFileReference; lastKnownFileType = sourcecode.swift; path = HistoryView.swift; sourceTree = "<group>"; };
		51F8A94E27591D300009F244 /* Utils.swift */ = {isa = PBXFileReference; lastKnownFileType = sourcecode.swift; path = Utils.swift; sourceTree = "<group>"; };
		51F8A95027591E780009F244 /* Sort.swift */ = {isa = PBXFileReference; lastKnownFileType = sourcecode.swift; path = Sort.swift; sourceTree = "<group>"; };
/* End PBXFileReference section */

/* Begin PBXFrameworksBuildPhase section */
		51F8A92B275916810009F244 /* Frameworks */ = {
			isa = PBXFrameworksBuildPhase;
			buildActionMask = 2147483647;
			files = (
			);
			runOnlyForDeploymentPostprocessing = 0;
		};
/* End PBXFrameworksBuildPhase section */

/* Begin PBXGroup section */
		51F8A925275916800009F244 = {
			isa = PBXGroup;
			children = (
				51537035275AD7B3008B1161 /* CategoriesDB+CoreDataClass.swift */,
				51537036275AD7B3008B1161 /* CategoriesDB+CoreDataProperties.swift */,
				51537037275AD7B3008B1161 /* IncomeDB+CoreDataClass.swift */,
				51537038275AD7B3008B1161 /* IncomeDB+CoreDataProperties.swift */,
				51F8A930275916810009F244 /* Leafin */,
				51F8A92F275916810009F244 /* Products */,
			);
			sourceTree = "<group>";
		};
		51F8A92F275916810009F244 /* Products */ = {
			isa = PBXGroup;
			children = (
				51F8A92E275916810009F244 /* Leafin.app */,
			);
			name = Products;
			sourceTree = "<group>";
		};
		51F8A930275916810009F244 /* Leafin */ = {
			isa = PBXGroup;
			children = (
				51F8A94D27591D140009F244 /* Helper */,
				51F8A94827591C470009F244 /* History */,
				51F8A94727591C390009F244 /* Budget */,
				51F8A94427591C100009F244 /* Dashboard */,
				51F8A931275916810009F244 /* LeafinApp.swift */,
				51F8A933275916810009F244 /* ContentView.swift */,
				51F8A935275916820009F244 /* Assets.xcassets */,
				51F8A937275916820009F244 /* Preview Content */,
				51F8A93F275916BB0009F244 /* Leafin.xcdatamodeld */,
				51F8A942275917A70009F244 /* PersistanceController.swift */,
			);
			path = Leafin;
			sourceTree = "<group>";
		};
		51F8A937275916820009F244 /* Preview Content */ = {
			isa = PBXGroup;
			children = (
				51F8A938275916820009F244 /* Preview Assets.xcassets */,
			);
			path = "Preview Content";
			sourceTree = "<group>";
		};
		51F8A94427591C100009F244 /* Dashboard */ = {
			isa = PBXGroup;
			children = (
				51F8A94527591C290009F244 /* DashboardView.swift */,
			);
			path = Dashboard;
			sourceTree = "<group>";
		};
		51F8A94727591C390009F244 /* Budget */ = {
			isa = PBXGroup;
			children = (
				51F8A94927591C5A0009F244 /* BudgetView.swift */,
			);
			path = Budget;
			sourceTree = "<group>";
		};
		51F8A94827591C470009F244 /* History */ = {
			isa = PBXGroup;
			children = (
				51F8A94B27591C670009F244 /* HistoryView.swift */,
			);
			path = History;
			sourceTree = "<group>";
		};
		51F8A94D27591D140009F244 /* Helper */ = {
			isa = PBXGroup;
			children = (
				51F8A94E27591D300009F244 /* Utils.swift */,
				5153703D275AE0C7008B1161 /* ColorExtension.swift */,
				51F8A95027591E780009F244 /* Sort.swift */,
				5153703F275B2A68008B1161 /* ProgressBar.swift */,
			);
			path = Helper;
			sourceTree = "<group>";
		};
/* End PBXGroup section */

/* Begin PBXNativeTarget section */
		51F8A92D275916810009F244 /* Leafin */ = {
			isa = PBXNativeTarget;
			buildConfigurationList = 51F8A93C275916820009F244 /* Build configuration list for PBXNativeTarget "Leafin" */;
			buildPhases = (
				51F8A92A275916810009F244 /* Sources */,
				51F8A92B275916810009F244 /* Frameworks */,
				51F8A92C275916810009F244 /* Resources */,
			);
			buildRules = (
			);
			dependencies = (
			);
			name = Leafin;
			productName = Leafin;
			productReference = 51F8A92E275916810009F244 /* Leafin.app */;
			productType = "com.apple.product-type.application";
		};
/* End PBXNativeTarget section */

/* Begin PBXProject section */
		51F8A926275916800009F244 /* Project object */ = {
			isa = PBXProject;
			attributes = {
				BuildIndependentTargetsInParallel = 1;
				LastSwiftUpdateCheck = 1310;
				LastUpgradeCheck = 1310;
				TargetAttributes = {
					51F8A92D275916810009F244 = {
						CreatedOnToolsVersion = 13.1;
					};
				};
			};
			buildConfigurationList = 51F8A929275916800009F244 /* Build configuration list for PBXProject "Leafin" */;
			compatibilityVersion = "Xcode 13.0";
			developmentRegion = en;
			hasScannedForEncodings = 0;
			knownRegions = (
				en,
				Base,
			);
			mainGroup = 51F8A925275916800009F244;
			productRefGroup = 51F8A92F275916810009F244 /* Products */;
			projectDirPath = "";
			projectRoot = "";
			targets = (
				51F8A92D275916810009F244 /* Leafin */,
			);
		};
/* End PBXProject section */

/* Begin PBXResourcesBuildPhase section */
		51F8A92C275916810009F244 /* Resources */ = {
			isa = PBXResourcesBuildPhase;
			buildActionMask = 2147483647;
			files = (
				51F8A939275916820009F244 /* Preview Assets.xcassets in Resources */,
				51F8A936275916820009F244 /* Assets.xcassets in Resources */,
			);
			runOnlyForDeploymentPostprocessing = 0;
		};
/* End PBXResourcesBuildPhase section */

/* Begin PBXSourcesBuildPhase section */
		51F8A92A275916810009F244 /* Sources */ = {
			isa = PBXSourcesBuildPhase;
			buildActionMask = 2147483647;
			files = (
				51F8A94C27591C670009F244 /* HistoryView.swift in Sources */,
				51F8A934275916810009F244 /* ContentView.swift in Sources */,
				51F8A95127591E780009F244 /* Sort.swift in Sources */,
				51F8A94A27591C5A0009F244 /* BudgetView.swift in Sources */,
				51F8A941275916BB0009F244 /* Leafin.xcdatamodeld in Sources */,
				51F8A94627591C290009F244 /* DashboardView.swift in Sources */,
				51F8A932275916810009F244 /* LeafinApp.swift in Sources */,
				5153703C275AD7B3008B1161 /* IncomeDB+CoreDataProperties.swift in Sources */,
				51F8A943275917A70009F244 /* PersistanceController.swift in Sources */,
				5153703E275AE0C7008B1161 /* ColorExtension.swift in Sources */,
				5153703B275AD7B3008B1161 /* IncomeDB+CoreDataClass.swift in Sources */,
				5153703A275AD7B3008B1161 /* CategoriesDB+CoreDataProperties.swift in Sources */,
				51537039275AD7B3008B1161 /* CategoriesDB+CoreDataClass.swift in Sources */,
				51537040275B2A68008B1161 /* ProgressBar.swift in Sources */,
				51F8A94F27591D300009F244 /* Utils.swift in Sources */,
			);
			runOnlyForDeploymentPostprocessing = 0;
		};
/* End PBXSourcesBuildPhase section */

/* Begin XCBuildConfiguration section */
		51F8A93A275916820009F244 /* Debug */ = {
			isa = XCBuildConfiguration;
			buildSettings = {
				ALWAYS_SEARCH_USER_PATHS = NO;
				CLANG_ANALYZER_NONNULL = YES;
				CLANG_ANALYZER_NUMBER_OBJECT_CONVERSION = YES_AGGRESSIVE;
				CLANG_CXX_LANGUAGE_STANDARD = "gnu++17";
				CLANG_CXX_LIBRARY = "libc++";
				CLANG_ENABLE_MODULES = YES;
				CLANG_ENABLE_OBJC_ARC = YES;
				CLANG_ENABLE_OBJC_WEAK = YES;
				CLANG_WARN_BLOCK_CAPTURE_AUTORELEASING = YES;
				CLANG_WARN_BOOL_CONVERSION = YES;
				CLANG_WARN_COMMA = YES;
				CLANG_WARN_CONSTANT_CONVERSION = YES;
				CLANG_WARN_DEPRECATED_OBJC_IMPLEMENTATIONS = YES;
				CLANG_WARN_DIRECT_OBJC_ISA_USAGE = YES_ERROR;
				CLANG_WARN_DOCUMENTATION_COMMENTS = YES;
				CLANG_WARN_EMPTY_BODY = YES;
				CLANG_WARN_ENUM_CONVERSION = YES;
				CLANG_WARN_INFINITE_RECURSION = YES;
				CLANG_WARN_INT_CONVERSION = YES;
				CLANG_WARN_NON_LITERAL_NULL_CONVERSION = YES;
				CLANG_WARN_OBJC_IMPLICIT_RETAIN_SELF = YES;
				CLANG_WARN_OBJC_LITERAL_CONVERSION = YES;
				CLANG_WARN_OBJC_ROOT_CLASS = YES_ERROR;
				CLANG_WARN_QUOTED_INCLUDE_IN_FRAMEWORK_HEADER = YES;
				CLANG_WARN_RANGE_LOOP_ANALYSIS = YES;
				CLANG_WARN_STRICT_PROTOTYPES = YES;
				CLANG_WARN_SUSPICIOUS_MOVE = YES;
				CLANG_WARN_UNGUARDED_AVAILABILITY = YES_AGGRESSIVE;
				CLANG_WARN_UNREACHABLE_CODE = YES;
				CLANG_WARN__DUPLICATE_METHOD_MATCH = YES;
				COPY_PHASE_STRIP = NO;
				DEBUG_INFORMATION_FORMAT = dwarf;
				ENABLE_STRICT_OBJC_MSGSEND = YES;
				ENABLE_TESTABILITY = YES;
				GCC_C_LANGUAGE_STANDARD = gnu11;
				GCC_DYNAMIC_NO_PIC = NO;
				GCC_NO_COMMON_BLOCKS = YES;
				GCC_OPTIMIZATION_LEVEL = 0;
				GCC_PREPROCESSOR_DEFINITIONS = (
					"DEBUG=1",
					"$(inherited)",
				);
				GCC_WARN_64_TO_32_BIT_CONVERSION = YES;
				GCC_WARN_ABOUT_RETURN_TYPE = YES_ERROR;
				GCC_WARN_UNDECLARED_SELECTOR = YES;
				GCC_WARN_UNINITIALIZED_AUTOS = YES_AGGRESSIVE;
				GCC_WARN_UNUSED_FUNCTION = YES;
				GCC_WARN_UNUSED_VARIABLE = YES;
				IPHONEOS_DEPLOYMENT_TARGET = 15.0;
				MTL_ENABLE_DEBUG_INFO = INCLUDE_SOURCE;
				MTL_FAST_MATH = YES;
				ONLY_ACTIVE_ARCH = YES;
				SDKROOT = iphoneos;
				SWIFT_ACTIVE_COMPILATION_CONDITIONS = DEBUG;
				SWIFT_OPTIMIZATION_LEVEL = "-Onone";
			};
			name = Debug;
		};
		51F8A93B275916820009F244 /* Release */ = {
			isa = XCBuildConfiguration;
			buildSettings = {
				ALWAYS_SEARCH_USER_PATHS = NO;
				CLANG_ANALYZER_NONNULL = YES;
				CLANG_ANALYZER_NUMBER_OBJECT_CONVERSION = YES_AGGRESSIVE;
				CLANG_CXX_LANGUAGE_STANDARD = "gnu++17";
				CLANG_CXX_LIBRARY = "libc++";
				CLANG_ENABLE_MODULES = YES;
				CLANG_ENABLE_OBJC_ARC = YES;
				CLANG_ENABLE_OBJC_WEAK = YES;
				CLANG_WARN_BLOCK_CAPTURE_AUTORELEASING = YES;
				CLANG_WARN_BOOL_CONVERSION = YES;
				CLANG_WARN_COMMA = YES;
				CLANG_WARN_CONSTANT_CONVERSION = YES;
				CLANG_WARN_DEPRECATED_OBJC_IMPLEMENTATIONS = YES;
				CLANG_WARN_DIRECT_OBJC_ISA_USAGE = YES_ERROR;
				CLANG_WARN_DOCUMENTATION_COMMENTS = YES;
				CLANG_WARN_EMPTY_BODY = YES;
				CLANG_WARN_ENUM_CONVERSION = YES;
				CLANG_WARN_INFINITE_RECURSION = YES;
				CLANG_WARN_INT_CONVERSION = YES;
				CLANG_WARN_NON_LITERAL_NULL_CONVERSION = YES;
				CLANG_WARN_OBJC_IMPLICIT_RETAIN_SELF = YES;
				CLANG_WARN_OBJC_LITERAL_CONVERSION = YES;
				CLANG_WARN_OBJC_ROOT_CLASS = YES_ERROR;
				CLANG_WARN_QUOTED_INCLUDE_IN_FRAMEWORK_HEADER = YES;
				CLANG_WARN_RANGE_LOOP_ANALYSIS = YES;
				CLANG_WARN_STRICT_PROTOTYPES = YES;
				CLANG_WARN_SUSPICIOUS_MOVE = YES;
				CLANG_WARN_UNGUARDED_AVAILABILITY = YES_AGGRESSIVE;
				CLANG_WARN_UNREACHABLE_CODE = YES;
				CLANG_WARN__DUPLICATE_METHOD_MATCH = YES;
				COPY_PHASE_STRIP = NO;
				DEBUG_INFORMATION_FORMAT = "dwarf-with-dsym";
				ENABLE_NS_ASSERTIONS = NO;
				ENABLE_STRICT_OBJC_MSGSEND = YES;
				GCC_C_LANGUAGE_STANDARD = gnu11;
				GCC_NO_COMMON_BLOCKS = YES;
				GCC_WARN_64_TO_32_BIT_CONVERSION = YES;
				GCC_WARN_ABOUT_RETURN_TYPE = YES_ERROR;
				GCC_WARN_UNDECLARED_SELECTOR = YES;
				GCC_WARN_UNINITIALIZED_AUTOS = YES_AGGRESSIVE;
				GCC_WARN_UNUSED_FUNCTION = YES;
				GCC_WARN_UNUSED_VARIABLE = YES;
				IPHONEOS_DEPLOYMENT_TARGET = 15.0;
				MTL_ENABLE_DEBUG_INFO = NO;
				MTL_FAST_MATH = YES;
				SDKROOT = iphoneos;
				SWIFT_COMPILATION_MODE = wholemodule;
				SWIFT_OPTIMIZATION_LEVEL = "-O";
				VALIDATE_PRODUCT = YES;
			};
			name = Release;
		};
		51F8A93D275916820009F244 /* Debug */ = {
			isa = XCBuildConfiguration;
			buildSettings = {
				ASSETCATALOG_COMPILER_APPICON_NAME = AppIcon;
				ASSETCATALOG_COMPILER_GLOBAL_ACCENT_COLOR_NAME = AccentColor;
				CODE_SIGN_STYLE = Automatic;
				CURRENT_PROJECT_VERSION = 1;
				DEVELOPMENT_ASSET_PATHS = "\"Leafin/Preview Content\"";
				DEVELOPMENT_TEAM = Z38TVJ88W4;
				ENABLE_PREVIEWS = YES;
				GENERATE_INFOPLIST_FILE = YES;
				INFOPLIST_KEY_UIApplicationSceneManifest_Generation = YES;
				INFOPLIST_KEY_UIApplicationSupportsIndirectInputEvents = YES;
				INFOPLIST_KEY_UILaunchScreen_Generation = YES;
				INFOPLIST_KEY_UISupportedInterfaceOrientations_iPad = "UIInterfaceOrientationPortrait UIInterfaceOrientationPortraitUpsideDown UIInterfaceOrientationLandscapeLeft UIInterfaceOrientationLandscapeRight";
				INFOPLIST_KEY_UISupportedInterfaceOrientations_iPhone = "UIInterfaceOrientationPortrait UIInterfaceOrientationLandscapeLeft UIInterfaceOrientationLandscapeRight";
				IPHONEOS_DEPLOYMENT_TARGET = 15.0;
				LD_RUNPATH_SEARCH_PATHS = (
					"$(inherited)",
					"@executable_path/Frameworks",
				);
				MARKETING_VERSION = 1.0;
				PRODUCT_BUNDLE_IDENTIFIER = com.farendza.academy.Leafin;
				PRODUCT_NAME = "$(TARGET_NAME)";
				SWIFT_EMIT_LOC_STRINGS = YES;
				SWIFT_VERSION = 5.0;
				TARGETED_DEVICE_FAMILY = "1,2";
			};
			name = Debug;
		};
		51F8A93E275916820009F244 /* Release */ = {
			isa = XCBuildConfiguration;
			buildSettings = {
				ASSETCATALOG_COMPILER_APPICON_NAME = AppIcon;
				ASSETCATALOG_COMPILER_GLOBAL_ACCENT_COLOR_NAME = AccentColor;
				CODE_SIGN_STYLE = Automatic;
				CURRENT_PROJECT_VERSION = 1;
				DEVELOPMENT_ASSET_PATHS = "\"Leafin/Preview Content\"";
				DEVELOPMENT_TEAM = Z38TVJ88W4;
				ENABLE_PREVIEWS = YES;
				GENERATE_INFOPLIST_FILE = YES;
				INFOPLIST_KEY_UIApplicationSceneManifest_Generation = YES;
				INFOPLIST_KEY_UIApplicationSupportsIndirectInputEvents = YES;
				INFOPLIST_KEY_UILaunchScreen_Generation = YES;
				INFOPLIST_KEY_UISupportedInterfaceOrientations_iPad = "UIInterfaceOrientationPortrait UIInterfaceOrientationPortraitUpsideDown UIInterfaceOrientationLandscapeLeft UIInterfaceOrientationLandscapeRight";
				INFOPLIST_KEY_UISupportedInterfaceOrientations_iPhone = "UIInterfaceOrientationPortrait UIInterfaceOrientationLandscapeLeft UIInterfaceOrientationLandscapeRight";
				IPHONEOS_DEPLOYMENT_TARGET = 15.0;
				LD_RUNPATH_SEARCH_PATHS = (
					"$(inherited)",
					"@executable_path/Frameworks",
				);
				MARKETING_VERSION = 1.0;
				PRODUCT_BUNDLE_IDENTIFIER = com.farendza.academy.Leafin;
				PRODUCT_NAME = "$(TARGET_NAME)";
				SWIFT_EMIT_LOC_STRINGS = YES;
				SWIFT_VERSION = 5.0;
				TARGETED_DEVICE_FAMILY = "1,2";
			};
			name = Release;
		};
/* End XCBuildConfiguration section */

/* Begin XCConfigurationList section */
		51F8A929275916800009F244 /* Build configuration list for PBXProject "Leafin" */ = {
			isa = XCConfigurationList;
			buildConfigurations = (
				51F8A93A275916820009F244 /* Debug */,
				51F8A93B275916820009F244 /* Release */,
			);
			defaultConfigurationIsVisible = 0;
			defaultConfigurationName = Release;
		};
		51F8A93C275916820009F244 /* Build configuration list for PBXNativeTarget "Leafin" */ = {
			isa = XCConfigurationList;
			buildConfigurations = (
				51F8A93D275916820009F244 /* Debug */,
				51F8A93E275916820009F244 /* Release */,
			);
			defaultConfigurationIsVisible = 0;
			defaultConfigurationName = Release;
		};
/* End XCConfigurationList section */

/* Begin XCVersionGroup section */
		51F8A93F275916BB0009F244 /* Leafin.xcdatamodeld */ = {
			isa = XCVersionGroup;
			children = (
				51F8A940275916BB0009F244 /* Leafin.xcdatamodel */,
			);
			currentVersion = 51F8A940275916BB0009F244 /* Leafin.xcdatamodel */;
			path = Leafin.xcdatamodeld;
			sourceTree = "<group>";
			versionGroupType = wrapper.xcdatamodel;
		};
/* End XCVersionGroup section */
	};
	rootObject = 51F8A926275916800009F244 /* Project object */;
}
